
Microsoft Visual Studio Solution File, Format Version 12.00
# Visual Studio 15
VisualStudioVersion = 15.0.28307.960
MinimumVisualStudioVersion = 10.0.40219.1
Project("{FAE04EC0-301F-11D3-BF4B-00C04F79EFBC}") = "Elevator", "Elevator\Elevator.csproj", "{5B3AA268-8266-4EAC-9F60-DF4660A7B843}"
EndProject
Global
	GlobalSection(SolutionConfigurationPlatforms) = preSolution
		Debug|Any CPU = Debug|Any CPU
		Release|Any CPU = Release|Any CPU
	EndGlobalSection
	GlobalSection(ProjectConfigurationPlatforms) = postSolution
		{5B3AA268-8266-4EAC-9F60-DF4660A7B843}.Debug|Any CPU.ActiveCfg = Debug|Any CPU
		{5B3AA268-8266-4EAC-9F60-DF4660A7B843}.Debug|Any CPU.Build.0 = Debug|Any CPU
		{5B3AA268-8266-4EAC-9F60-DF4660A7B843}.Release|Any CPU.ActiveCfg = Release|Any CPU
		{5B3AA268-8266-4EAC-9F60-DF4660A7B843}.Release|Any CPU.Build.0 = Release|Any CPU
	EndGlobalSection
	GlobalSection(SolutionProperties) = preSolution
		HideSolutionNode = FALSE
	EndGlobalSection
	GlobalSection(ExtensibilityGlobals) = postSolution
		SolutionGuid = {714B178D-EFBF-4C9E-9112-2AFF72944599}
	EndGlobalSection
EndGlobal
